// !$*UTF8*$!
{
	archiveVersion = 1;
	classes = {
	};
	objectVersion = 48;
	objects = {

/* Begin PBXBuildFile section */
		9305DCCBF767C9D20C26C1B8 /* Pods_xRSS.framework in Frameworks */ = {isa = PBXBuildFile; fileRef = 68F869368733E8A296FC64F5 /* Pods_xRSS.framework */; };
		DA16E49D1FB5967F0020232C /* R.generated.swift in Sources */ = {isa = PBXBuildFile; fileRef = DA16E49C1FB5967F0020232C /* R.generated.swift */; };
		DA242E191FA9E063008B8EDD /* LoadingView.swift in Sources */ = {isa = PBXBuildFile; fileRef = DA242E181FA9E062008B8EDD /* LoadingView.swift */; };
		DA242E1B1FAB43FF008B8EDD /* ListViewModelProtocol.swift in Sources */ = {isa = PBXBuildFile; fileRef = DA242E1A1FAB43FF008B8EDD /* ListViewModelProtocol.swift */; };
		DA242E1F1FAB4466008B8EDD /* DetailFeedViewModelProtocol.swift in Sources */ = {isa = PBXBuildFile; fileRef = DA242E1C1FAB4465008B8EDD /* DetailFeedViewModelProtocol.swift */; };
		DA242E201FAB4466008B8EDD /* FeedListViewModelProtocol.swift in Sources */ = {isa = PBXBuildFile; fileRef = DA242E1D1FAB4465008B8EDD /* FeedListViewModelProtocol.swift */; };
		DA242E211FAB4466008B8EDD /* FeedViewModelProtocol.swift in Sources */ = {isa = PBXBuildFile; fileRef = DA242E1E1FAB4465008B8EDD /* FeedViewModelProtocol.swift */; };
		DA8460881FA1D5E800A5C48A /* NewsProviderModel.swift in Sources */ = {isa = PBXBuildFile; fileRef = DA8460871FA1D5E800A5C48A /* NewsProviderModel.swift */; };
		DA84608A1FA330F200A5C48A /* RxAlamofire+UIImage.swift in Sources */ = {isa = PBXBuildFile; fileRef = DA8460891FA330F200A5C48A /* RxAlamofire+UIImage.swift */; };
		DAAC6BA61F9F34B900FCAE6E /* AppDelegate.swift in Sources */ = {isa = PBXBuildFile; fileRef = DAAC6BA51F9F34B900FCAE6E /* AppDelegate.swift */; };
		DAAC6BA81F9F34B900FCAE6E /* ListViewController.swift in Sources */ = {isa = PBXBuildFile; fileRef = DAAC6BA71F9F34B900FCAE6E /* ListViewController.swift */; };
		DAAC6BAB1F9F34B900FCAE6E /* Main.storyboard in Resources */ = {isa = PBXBuildFile; fileRef = DAAC6BA91F9F34B900FCAE6E /* Main.storyboard */; };
		DAAC6BAD1F9F34B900FCAE6E /* Assets.xcassets in Resources */ = {isa = PBXBuildFile; fileRef = DAAC6BAC1F9F34B900FCAE6E /* Assets.xcassets */; };
		DAAC6BB01F9F34B900FCAE6E /* LaunchScreen.storyboard in Resources */ = {isa = PBXBuildFile; fileRef = DAAC6BAE1F9F34B900FCAE6E /* LaunchScreen.storyboard */; };
		DAAC6BB81F9F354E00FCAE6E /* AppCoordinator.swift in Sources */ = {isa = PBXBuildFile; fileRef = DAAC6BB71F9F354E00FCAE6E /* AppCoordinator.swift */; };
		DAAC6BBA1F9F356500FCAE6E /* ListCoordinator.swift in Sources */ = {isa = PBXBuildFile; fileRef = DAAC6BB91F9F356500FCAE6E /* ListCoordinator.swift */; };
		DAAC6BBC1F9F357900FCAE6E /* FeedListCoordinator.swift in Sources */ = {isa = PBXBuildFile; fileRef = DAAC6BBB1F9F357900FCAE6E /* FeedListCoordinator.swift */; };
		DAAC6BC01F9F35C400FCAE6E /* ListViewModel.swift in Sources */ = {isa = PBXBuildFile; fileRef = DAAC6BBF1F9F35C400FCAE6E /* ListViewModel.swift */; };
		DAAC6BC21F9F35D100FCAE6E /* FeedListViewModel.swift in Sources */ = {isa = PBXBuildFile; fileRef = DAAC6BC11F9F35D100FCAE6E /* FeedListViewModel.swift */; };
		DAAC6BC81F9F361C00FCAE6E /* FeedListViewController.swift in Sources */ = {isa = PBXBuildFile; fileRef = DAAC6BC71F9F361C00FCAE6E /* FeedListViewController.swift */; };
		DAAC6BCA1F9F366C00FCAE6E /* FeedCell.swift in Sources */ = {isa = PBXBuildFile; fileRef = DAAC6BC91F9F366C00FCAE6E /* FeedCell.swift */; };
		DAAC6BD41F9F410A00FCAE6E /* RSSService.swift in Sources */ = {isa = PBXBuildFile; fileRef = DAAC6BD31F9F410A00FCAE6E /* RSSService.swift */; };
		DAAC6BD71F9F414600FCAE6E /* DBService.swift in Sources */ = {isa = PBXBuildFile; fileRef = DAAC6BD61F9F414600FCAE6E /* DBService.swift */; };
		DAAC6BE41F9F636000FCAE6E /* Schedulers.swift in Sources */ = {isa = PBXBuildFile; fileRef = DAAC6BE31F9F44DC00FCAE6E /* Schedulers.swift */; };
		DAAC6BE61F9F636500FCAE6E /* ActivityIndicator.swift in Sources */ = {isa = PBXBuildFile; fileRef = DAAC6BE11F9F44DC00FCAE6E /* ActivityIndicator.swift */; };
		DAAC6BE71FA096D900FCAE6E /* MBProgressHUD+Rx.swift in Sources */ = {isa = PBXBuildFile; fileRef = DAAC6BE21F9F44DC00FCAE6E /* MBProgressHUD+Rx.swift */; };
		DAAC6BE91FA0C2CC00FCAE6E /* FeedModel.swift in Sources */ = {isa = PBXBuildFile; fileRef = DAAC6BE81FA0C2CC00FCAE6E /* FeedModel.swift */; };
		DAE020851FA7105A009DA6CF /* FeedViewModel.swift in Sources */ = {isa = PBXBuildFile; fileRef = DAE020841FA7105A009DA6CF /* FeedViewModel.swift */; };
		DAF25B141FA746D700D451AC /* DetailFeedViewModel.swift in Sources */ = {isa = PBXBuildFile; fileRef = DAF25B131FA746D700D451AC /* DetailFeedViewModel.swift */; };
		DAF25B161FA7472D00D451AC /* DetailFeedViewController.swift in Sources */ = {isa = PBXBuildFile; fileRef = DAF25B151FA7472D00D451AC /* DetailFeedViewController.swift */; };
		DAF25B181FA7474500D451AC /* DetailFeedCoordinator.swift in Sources */ = {isa = PBXBuildFile; fileRef = DAF25B171FA7474500D451AC /* DetailFeedCoordinator.swift */; };
/* End PBXBuildFile section */

/* Begin PBXFileReference section */
		68F869368733E8A296FC64F5 /* Pods_xRSS.framework */ = {isa = PBXFileReference; explicitFileType = wrapper.framework; includeInIndex = 0; path = Pods_xRSS.framework; sourceTree = BUILT_PRODUCTS_DIR; };
		BC51122C7B75602D57DA8687 /* Pods-xRSS.debug.xcconfig */ = {isa = PBXFileReference; includeInIndex = 1; lastKnownFileType = text.xcconfig; name = "Pods-xRSS.debug.xcconfig"; path = "Pods/Target Support Files/Pods-xRSS/Pods-xRSS.debug.xcconfig"; sourceTree = "<group>"; };
		DA16E49C1FB5967F0020232C /* R.generated.swift */ = {isa = PBXFileReference; fileEncoding = 4; lastKnownFileType = sourcecode.swift; path = R.generated.swift; sourceTree = SOURCE_ROOT; };
		DA242E181FA9E062008B8EDD /* LoadingView.swift */ = {isa = PBXFileReference; fileEncoding = 4; lastKnownFileType = sourcecode.swift; path = LoadingView.swift; sourceTree = "<group>"; };
		DA242E1A1FAB43FF008B8EDD /* ListViewModelProtocol.swift */ = {isa = PBXFileReference; lastKnownFileType = sourcecode.swift; path = ListViewModelProtocol.swift; sourceTree = "<group>"; };
		DA242E1C1FAB4465008B8EDD /* DetailFeedViewModelProtocol.swift */ = {isa = PBXFileReference; fileEncoding = 4; lastKnownFileType = sourcecode.swift; path = DetailFeedViewModelProtocol.swift; sourceTree = "<group>"; };
		DA242E1D1FAB4465008B8EDD /* FeedListViewModelProtocol.swift */ = {isa = PBXFileReference; fileEncoding = 4; lastKnownFileType = sourcecode.swift; path = FeedListViewModelProtocol.swift; sourceTree = "<group>"; };
		DA242E1E1FAB4465008B8EDD /* FeedViewModelProtocol.swift */ = {isa = PBXFileReference; fileEncoding = 4; lastKnownFileType = sourcecode.swift; path = FeedViewModelProtocol.swift; sourceTree = "<group>"; };
		DA8460871FA1D5E800A5C48A /* NewsProviderModel.swift */ = {isa = PBXFileReference; lastKnownFileType = sourcecode.swift; path = NewsProviderModel.swift; sourceTree = "<group>"; };
		DA8460891FA330F200A5C48A /* RxAlamofire+UIImage.swift */ = {isa = PBXFileReference; lastKnownFileType = sourcecode.swift; path = "RxAlamofire+UIImage.swift"; sourceTree = "<group>"; };
		DA91CFDE1FBAE74700957C15 /* xRSS.entitlements */ = {isa = PBXFileReference; lastKnownFileType = text.plist.entitlements; path = xRSS.entitlements; sourceTree = "<group>"; };
		DAAC6BA21F9F34B800FCAE6E /* xRSS.app */ = {isa = PBXFileReference; explicitFileType = wrapper.application; includeInIndex = 0; path = xRSS.app; sourceTree = BUILT_PRODUCTS_DIR; };
		DAAC6BA51F9F34B900FCAE6E /* AppDelegate.swift */ = {isa = PBXFileReference; lastKnownFileType = sourcecode.swift; path = AppDelegate.swift; sourceTree = "<group>"; };
		DAAC6BA71F9F34B900FCAE6E /* ListViewController.swift */ = {isa = PBXFileReference; lastKnownFileType = sourcecode.swift; path = ListViewController.swift; sourceTree = "<group>"; };
		DAAC6BAA1F9F34B900FCAE6E /* Base */ = {isa = PBXFileReference; lastKnownFileType = file.storyboard; name = Base; path = Base.lproj/Main.storyboard; sourceTree = "<group>"; };
		DAAC6BAC1F9F34B900FCAE6E /* Assets.xcassets */ = {isa = PBXFileReference; lastKnownFileType = folder.assetcatalog; path = Assets.xcassets; sourceTree = "<group>"; };
		DAAC6BAF1F9F34B900FCAE6E /* Base */ = {isa = PBXFileReference; lastKnownFileType = file.storyboard; name = Base; path = Base.lproj/LaunchScreen.storyboard; sourceTree = "<group>"; };
		DAAC6BB11F9F34B900FCAE6E /* Info.plist */ = {isa = PBXFileReference; lastKnownFileType = text.plist.xml; path = Info.plist; sourceTree = "<group>"; };
		DAAC6BB71F9F354E00FCAE6E /* AppCoordinator.swift */ = {isa = PBXFileReference; lastKnownFileType = sourcecode.swift; path = AppCoordinator.swift; sourceTree = "<group>"; };
		DAAC6BB91F9F356500FCAE6E /* ListCoordinator.swift */ = {isa = PBXFileReference; lastKnownFileType = sourcecode.swift; path = ListCoordinator.swift; sourceTree = "<group>"; };
		DAAC6BBB1F9F357900FCAE6E /* FeedListCoordinator.swift */ = {isa = PBXFileReference; lastKnownFileType = sourcecode.swift; path = FeedListCoordinator.swift; sourceTree = "<group>"; };
		DAAC6BBF1F9F35C400FCAE6E /* ListViewModel.swift */ = {isa = PBXFileReference; lastKnownFileType = sourcecode.swift; path = ListViewModel.swift; sourceTree = "<group>"; };
		DAAC6BC11F9F35D100FCAE6E /* FeedListViewModel.swift */ = {isa = PBXFileReference; lastKnownFileType = sourcecode.swift; path = FeedListViewModel.swift; sourceTree = "<group>"; };
		DAAC6BC71F9F361C00FCAE6E /* FeedListViewController.swift */ = {isa = PBXFileReference; lastKnownFileType = sourcecode.swift; path = FeedListViewController.swift; sourceTree = "<group>"; };
		DAAC6BC91F9F366C00FCAE6E /* FeedCell.swift */ = {isa = PBXFileReference; lastKnownFileType = sourcecode.swift; path = FeedCell.swift; sourceTree = "<group>"; };
		DAAC6BD31F9F410A00FCAE6E /* RSSService.swift */ = {isa = PBXFileReference; lastKnownFileType = sourcecode.swift; path = RSSService.swift; sourceTree = "<group>"; };
		DAAC6BD61F9F414600FCAE6E /* DBService.swift */ = {isa = PBXFileReference; lastKnownFileType = sourcecode.swift; path = DBService.swift; sourceTree = "<group>"; };
		DAAC6BE11F9F44DC00FCAE6E /* ActivityIndicator.swift */ = {isa = PBXFileReference; lastKnownFileType = sourcecode.swift; path = ActivityIndicator.swift; sourceTree = "<group>"; };
		DAAC6BE21F9F44DC00FCAE6E /* MBProgressHUD+Rx.swift */ = {isa = PBXFileReference; lastKnownFileType = sourcecode.swift; path = "MBProgressHUD+Rx.swift"; sourceTree = "<group>"; };
		DAAC6BE31F9F44DC00FCAE6E /* Schedulers.swift */ = {isa = PBXFileReference; lastKnownFileType = sourcecode.swift; path = Schedulers.swift; sourceTree = "<group>"; };
		DAAC6BE81FA0C2CC00FCAE6E /* FeedModel.swift */ = {isa = PBXFileReference; lastKnownFileType = sourcecode.swift; path = FeedModel.swift; sourceTree = "<group>"; };
		DAE020841FA7105A009DA6CF /* FeedViewModel.swift */ = {isa = PBXFileReference; lastKnownFileType = sourcecode.swift; path = FeedViewModel.swift; sourceTree = "<group>"; };
		DAF25B131FA746D700D451AC /* DetailFeedViewModel.swift */ = {isa = PBXFileReference; lastKnownFileType = sourcecode.swift; path = DetailFeedViewModel.swift; sourceTree = "<group>"; };
		DAF25B151FA7472D00D451AC /* DetailFeedViewController.swift */ = {isa = PBXFileReference; lastKnownFileType = sourcecode.swift; path = DetailFeedViewController.swift; sourceTree = "<group>"; };
		DAF25B171FA7474500D451AC /* DetailFeedCoordinator.swift */ = {isa = PBXFileReference; lastKnownFileType = sourcecode.swift; path = DetailFeedCoordinator.swift; sourceTree = "<group>"; };
		DEEE470CA17DE3E9524A46E9 /* Pods-xRSS.release.xcconfig */ = {isa = PBXFileReference; includeInIndex = 1; lastKnownFileType = text.xcconfig; name = "Pods-xRSS.release.xcconfig"; path = "Pods/Target Support Files/Pods-xRSS/Pods-xRSS.release.xcconfig"; sourceTree = "<group>"; };
/* End PBXFileReference section */

/* Begin PBXFrameworksBuildPhase section */
		DAAC6B9F1F9F34B800FCAE6E /* Frameworks */ = {
			isa = PBXFrameworksBuildPhase;
			buildActionMask = 2147483647;
			files = (
				9305DCCBF767C9D20C26C1B8 /* Pods_xRSS.framework in Frameworks */,
			);
			runOnlyForDeploymentPostprocessing = 0;
		};
/* End PBXFrameworksBuildPhase section */

/* Begin PBXGroup section */
		5591C02776596A09530420A0 /* Pods */ = {
			isa = PBXGroup;
			children = (
				BC51122C7B75602D57DA8687 /* Pods-xRSS.debug.xcconfig */,
				DEEE470CA17DE3E9524A46E9 /* Pods-xRSS.release.xcconfig */,
			);
			name = Pods;
			sourceTree = "<group>";
		};
		58E596440770B580C3738FD2 /* Frameworks */ = {
			isa = PBXGroup;
			children = (
				68F869368733E8A296FC64F5 /* Pods_xRSS.framework */,
			);
			name = Frameworks;
			sourceTree = "<group>";
		};
		DAAC6B991F9F34B800FCAE6E = {
			isa = PBXGroup;
			children = (
				DAAC6BA41F9F34B900FCAE6E /* xRSS */,
				DAAC6BA31F9F34B800FCAE6E /* Products */,
				5591C02776596A09530420A0 /* Pods */,
				58E596440770B580C3738FD2 /* Frameworks */,
			);
			sourceTree = "<group>";
		};
		DAAC6BA31F9F34B800FCAE6E /* Products */ = {
			isa = PBXGroup;
			children = (
				DAAC6BA21F9F34B800FCAE6E /* xRSS.app */,
			);
			name = Products;
			sourceTree = "<group>";
		};
		DAAC6BA41F9F34B900FCAE6E /* xRSS */ = {
			isa = PBXGroup;
			children = (
				DA91CFDE1FBAE74700957C15 /* xRSS.entitlements */,
				DAAC6BA51F9F34B900FCAE6E /* AppDelegate.swift */,
				DAAC6BCF1F9F40B800FCAE6E /* Coordinators */,
				DAAC6BCD1F9F3E2500FCAE6E /* ViewModels */,
				DAAC6BCE1F9F40A200FCAE6E /* Views */,
				DAAC6BD21F9F40ED00FCAE6E /* Models */,
				DAAC6BD51F9F410F00FCAE6E /* Services */,
				DAAC6BE01F9F44DC00FCAE6E /* Utils */,
				DAAC6BA91F9F34B900FCAE6E /* Main.storyboard */,
				DAAC6BAC1F9F34B900FCAE6E /* Assets.xcassets */,
				DAAC6BAE1F9F34B900FCAE6E /* LaunchScreen.storyboard */,
				DAAC6BB11F9F34B900FCAE6E /* Info.plist */,
			);
			path = xRSS;
			sourceTree = "<group>";
		};
		DAAC6BCD1F9F3E2500FCAE6E /* ViewModels */ = {
			isa = PBXGroup;
			children = (
				DAAC6BBF1F9F35C400FCAE6E /* ListViewModel.swift */,
				DA242E1A1FAB43FF008B8EDD /* ListViewModelProtocol.swift */,
				DAF25B131FA746D700D451AC /* DetailFeedViewModel.swift */,
				DA242E1C1FAB4465008B8EDD /* DetailFeedViewModelProtocol.swift */,
				DAE020841FA7105A009DA6CF /* FeedViewModel.swift */,
				DA242E1E1FAB4465008B8EDD /* FeedViewModelProtocol.swift */,
				DAAC6BC11F9F35D100FCAE6E /* FeedListViewModel.swift */,
				DA242E1D1FAB4465008B8EDD /* FeedListViewModelProtocol.swift */,
			);
			path = ViewModels;
			sourceTree = "<group>";
		};
		DAAC6BCE1F9F40A200FCAE6E /* Views */ = {
			isa = PBXGroup;
			children = (
				DAAC6BA71F9F34B900FCAE6E /* ListViewController.swift */,
				DAF25B151FA7472D00D451AC /* DetailFeedViewController.swift */,
				DAAC6BC71F9F361C00FCAE6E /* FeedListViewController.swift */,
				DAAC6BC91F9F366C00FCAE6E /* FeedCell.swift */,
			);
			path = Views;
			sourceTree = "<group>";
		};
		DAAC6BCF1F9F40B800FCAE6E /* Coordinators */ = {
			isa = PBXGroup;
			children = (
				DAAC6BB71F9F354E00FCAE6E /* AppCoordinator.swift */,
				DAAC6BB91F9F356500FCAE6E /* ListCoordinator.swift */,
				DAAC6BBB1F9F357900FCAE6E /* FeedListCoordinator.swift */,
				DAF25B171FA7474500D451AC /* DetailFeedCoordinator.swift */,
			);
			path = Coordinators;
			sourceTree = "<group>";
		};
		DAAC6BD21F9F40ED00FCAE6E /* Models */ = {
			isa = PBXGroup;
			children = (
				DAAC6BE81FA0C2CC00FCAE6E /* FeedModel.swift */,
				DA8460871FA1D5E800A5C48A /* NewsProviderModel.swift */,
			);
			path = Models;
			sourceTree = "<group>";
		};
		DAAC6BD51F9F410F00FCAE6E /* Services */ = {
			isa = PBXGroup;
			children = (
				DAAC6BD31F9F410A00FCAE6E /* RSSService.swift */,
				DAAC6BD61F9F414600FCAE6E /* DBService.swift */,
			);
			path = Services;
			sourceTree = "<group>";
		};
		DAAC6BE01F9F44DC00FCAE6E /* Utils */ = {
			isa = PBXGroup;
			children = (
				DAAC6BE11F9F44DC00FCAE6E /* ActivityIndicator.swift */,
				DA8460891FA330F200A5C48A /* RxAlamofire+UIImage.swift */,
				DA242E181FA9E062008B8EDD /* LoadingView.swift */,
				DAAC6BE21F9F44DC00FCAE6E /* MBProgressHUD+Rx.swift */,
				DAAC6BE31F9F44DC00FCAE6E /* Schedulers.swift */,
				DA16E49C1FB5967F0020232C /* R.generated.swift */,
			);
			path = Utils;
			sourceTree = "<group>";
		};
/* End PBXGroup section */

/* Begin PBXNativeTarget section */
		DAAC6BA11F9F34B800FCAE6E /* xRSS */ = {
			isa = PBXNativeTarget;
			buildConfigurationList = DAAC6BB41F9F34B900FCAE6E /* Build configuration list for PBXNativeTarget "xRSS" */;
			buildPhases = (
				A98109CB97B14EA1DEAB2923 /* [CP] Check Pods Manifest.lock */,
				DA16E49B1FB595680020232C /* ShellScript */,
				DAAC6B9E1F9F34B800FCAE6E /* Sources */,
				DAAC6B9F1F9F34B800FCAE6E /* Frameworks */,
				DAAC6BA01F9F34B800FCAE6E /* Resources */,
				A9A1D26C3A2432207723F695 /* [CP] Embed Pods Frameworks */,
				B073AFA755EA163CE5F456AD /* [CP] Copy Pods Resources */,
			);
			buildRules = (
			);
			dependencies = (
			);
			name = xRSS;
			productName = xRSS;
			productReference = DAAC6BA21F9F34B800FCAE6E /* xRSS.app */;
			productType = "com.apple.product-type.application";
		};
/* End PBXNativeTarget section */

/* Begin PBXProject section */
		DAAC6B9A1F9F34B800FCAE6E /* Project object */ = {
			isa = PBXProject;
			attributes = {
				LastSwiftUpdateCheck = 0900;
				LastUpgradeCheck = 0900;
				ORGANIZATIONNAME = "Pavel Lopatine";
				TargetAttributes = {
					DAAC6BA11F9F34B800FCAE6E = {
						CreatedOnToolsVersion = 9.0;
						ProvisioningStyle = Automatic;
						SystemCapabilities = {
							com.apple.Keychain = {
								enabled = 1;
							};
						};
					};
				};
			};
			buildConfigurationList = DAAC6B9D1F9F34B800FCAE6E /* Build configuration list for PBXProject "xRSS" */;
			compatibilityVersion = "Xcode 8.0";
			developmentRegion = en;
			hasScannedForEncodings = 0;
			knownRegions = (
				en,
				Base,
			);
			mainGroup = DAAC6B991F9F34B800FCAE6E;
			productRefGroup = DAAC6BA31F9F34B800FCAE6E /* Products */;
			projectDirPath = "";
			projectRoot = "";
			targets = (
				DAAC6BA11F9F34B800FCAE6E /* xRSS */,
			);
		};
/* End PBXProject section */

/* Begin PBXResourcesBuildPhase section */
		DAAC6BA01F9F34B800FCAE6E /* Resources */ = {
			isa = PBXResourcesBuildPhase;
			buildActionMask = 2147483647;
			files = (
				DAAC6BB01F9F34B900FCAE6E /* LaunchScreen.storyboard in Resources */,
				DAAC6BAD1F9F34B900FCAE6E /* Assets.xcassets in Resources */,
				DAAC6BAB1F9F34B900FCAE6E /* Main.storyboard in Resources */,
			);
			runOnlyForDeploymentPostprocessing = 0;
		};
/* End PBXResourcesBuildPhase section */

/* Begin PBXShellScriptBuildPhase section */
		A98109CB97B14EA1DEAB2923 /* [CP] Check Pods Manifest.lock */ = {
			isa = PBXShellScriptBuildPhase;
			buildActionMask = 2147483647;
			files = (
			);
			inputPaths = (
				"${PODS_PODFILE_DIR_PATH}/Podfile.lock",
				"${PODS_ROOT}/Manifest.lock",
			);
			name = "[CP] Check Pods Manifest.lock";
			outputPaths = (
				"$(DERIVED_FILE_DIR)/Pods-xRSS-checkManifestLockResult.txt",
			);
			runOnlyForDeploymentPostprocessing = 0;
			shellPath = /bin/sh;
			shellScript = "diff \"${PODS_PODFILE_DIR_PATH}/Podfile.lock\" \"${PODS_ROOT}/Manifest.lock\" > /dev/null\nif [ $? != 0 ] ; then\n    # print error to STDERR\n    echo \"error: The sandbox is not in sync with the Podfile.lock. Run 'pod install' or update your CocoaPods installation.\" >&2\n    exit 1\nfi\n# This output is used by Xcode 'outputs' to avoid re-running this script phase.\necho \"SUCCESS\" > \"${SCRIPT_OUTPUT_FILE_0}\"\n";
			showEnvVarsInLog = 0;
		};
		A9A1D26C3A2432207723F695 /* [CP] Embed Pods Frameworks */ = {
			isa = PBXShellScriptBuildPhase;
			buildActionMask = 2147483647;
			files = (
			);
			inputPaths = (
				"${SRCROOT}/Pods/Target Support Files/Pods-xRSS/Pods-xRSS-frameworks.sh",
				"${BUILT_PRODUCTS_DIR}/Alamofire/Alamofire.framework",
				"${BUILT_PRODUCTS_DIR}/AlamofireImage/AlamofireImage.framework",
				"${BUILT_PRODUCTS_DIR}/Bolts/Bolts.framework",
				"${BUILT_PRODUCTS_DIR}/FBSDKCoreKit/FBSDKCoreKit.framework",
				"${BUILT_PRODUCTS_DIR}/FBSDKLoginKit/FBSDKLoginKit.framework",
				"${BUILT_PRODUCTS_DIR}/FBSDKShareKit/FBSDKShareKit.framework",
				"${BUILT_PRODUCTS_DIR}/FacebookCore/FacebookCore.framework",
				"${BUILT_PRODUCTS_DIR}/FacebookLogin/FacebookLogin.framework",
				"${BUILT_PRODUCTS_DIR}/FacebookShare/FacebookShare.framework",
				"${BUILT_PRODUCTS_DIR}/FeedKit/FeedKit.framework",
				"${BUILT_PRODUCTS_DIR}/HTMLString/HTMLString.framework",
				"${BUILT_PRODUCTS_DIR}/MBProgressHUD/MBProgressHUD.framework",
				"${BUILT_PRODUCTS_DIR}/R.swift.Library/Rswift.framework",
				"${BUILT_PRODUCTS_DIR}/Realm/Realm.framework",
				"${BUILT_PRODUCTS_DIR}/RealmSwift/RealmSwift.framework",
				"${BUILT_PRODUCTS_DIR}/RxAlamofire/RxAlamofire.framework",
				"${BUILT_PRODUCTS_DIR}/RxCocoa/RxCocoa.framework",
				"${BUILT_PRODUCTS_DIR}/RxRealm/RxRealm.framework",
				"${BUILT_PRODUCTS_DIR}/RxSwift/RxSwift.framework",
			);
			name = "[CP] Embed Pods Frameworks";
			outputPaths = (
				"${TARGET_BUILD_DIR}/${FRAMEWORKS_FOLDER_PATH}/Alamofire.framework",
				"${TARGET_BUILD_DIR}/${FRAMEWORKS_FOLDER_PATH}/AlamofireImage.framework",
				"${TARGET_BUILD_DIR}/${FRAMEWORKS_FOLDER_PATH}/Bolts.framework",
				"${TARGET_BUILD_DIR}/${FRAMEWORKS_FOLDER_PATH}/FBSDKCoreKit.framework",
				"${TARGET_BUILD_DIR}/${FRAMEWORKS_FOLDER_PATH}/FBSDKLoginKit.framework",
				"${TARGET_BUILD_DIR}/${FRAMEWORKS_FOLDER_PATH}/FBSDKShareKit.framework",
				"${TARGET_BUILD_DIR}/${FRAMEWORKS_FOLDER_PATH}/FacebookCore.framework",
				"${TARGET_BUILD_DIR}/${FRAMEWORKS_FOLDER_PATH}/FacebookLogin.framework",
				"${TARGET_BUILD_DIR}/${FRAMEWORKS_FOLDER_PATH}/FacebookShare.framework",
				"${TARGET_BUILD_DIR}/${FRAMEWORKS_FOLDER_PATH}/FeedKit.framework",
				"${TARGET_BUILD_DIR}/${FRAMEWORKS_FOLDER_PATH}/HTMLString.framework",
				"${TARGET_BUILD_DIR}/${FRAMEWORKS_FOLDER_PATH}/MBProgressHUD.framework",
				"${TARGET_BUILD_DIR}/${FRAMEWORKS_FOLDER_PATH}/Rswift.framework",
				"${TARGET_BUILD_DIR}/${FRAMEWORKS_FOLDER_PATH}/Realm.framework",
				"${TARGET_BUILD_DIR}/${FRAMEWORKS_FOLDER_PATH}/RealmSwift.framework",
				"${TARGET_BUILD_DIR}/${FRAMEWORKS_FOLDER_PATH}/RxAlamofire.framework",
				"${TARGET_BUILD_DIR}/${FRAMEWORKS_FOLDER_PATH}/RxCocoa.framework",
				"${TARGET_BUILD_DIR}/${FRAMEWORKS_FOLDER_PATH}/RxRealm.framework",
				"${TARGET_BUILD_DIR}/${FRAMEWORKS_FOLDER_PATH}/RxSwift.framework",
			);
			runOnlyForDeploymentPostprocessing = 0;
			shellPath = /bin/sh;
			shellScript = "\"${SRCROOT}/Pods/Target Support Files/Pods-xRSS/Pods-xRSS-frameworks.sh\"\n";
			showEnvVarsInLog = 0;
		};
		B073AFA755EA163CE5F456AD /* [CP] Copy Pods Resources */ = {
			isa = PBXShellScriptBuildPhase;
			buildActionMask = 2147483647;
			files = (
			);
			inputPaths = (
				"${SRCROOT}/Pods/Target Support Files/Pods-xRSS/Pods-xRSS-resources.sh",
				"${PODS_ROOT}/TwitterKit/iOS/TwitterKit.framework/TwitterKitResources.bundle",
				"${PODS_ROOT}/TwitterKit/iOS/TwitterKit.framework/TwitterShareExtensionUIResources.bundle",
			);
			name = "[CP] Copy Pods Resources";
			outputPaths = (
				"${TARGET_BUILD_DIR}/${UNLOCALIZED_RESOURCES_FOLDER_PATH}",
			);
			runOnlyForDeploymentPostprocessing = 0;
			shellPath = /bin/sh;
			shellScript = "\"${SRCROOT}/Pods/Target Support Files/Pods-xRSS/Pods-xRSS-resources.sh\"\n";
			showEnvVarsInLog = 0;
		};
		DA16E49B1FB595680020232C /* ShellScript */ = {
			isa = PBXShellScriptBuildPhase;
			buildActionMask = 2147483647;
			files = (
			);
			inputPaths = (
			);
			outputPaths = (
			);
			runOnlyForDeploymentPostprocessing = 0;
			shellPath = /bin/sh;
			shellScript = "\"$PODS_ROOT/R.swift/rswift\" generate \"$SRCROOT\"";
		};
/* End PBXShellScriptBuildPhase section */

/* Begin PBXSourcesBuildPhase section */
		DAAC6B9E1F9F34B800FCAE6E /* Sources */ = {
			isa = PBXSourcesBuildPhase;
			buildActionMask = 2147483647;
			files = (
				DAF25B161FA7472D00D451AC /* DetailFeedViewController.swift in Sources */,
				DAE020851FA7105A009DA6CF /* FeedViewModel.swift in Sources */,
				DAAC6BE91FA0C2CC00FCAE6E /* FeedModel.swift in Sources */,
				DAAC6BBC1F9F357900FCAE6E /* FeedListCoordinator.swift in Sources */,
				DAF25B141FA746D700D451AC /* DetailFeedViewModel.swift in Sources */,
				DAAC6BC81F9F361C00FCAE6E /* FeedListViewController.swift in Sources */,
				DAF25B181FA7474500D451AC /* DetailFeedCoordinator.swift in Sources */,
				DAAC6BBA1F9F356500FCAE6E /* ListCoordinator.swift in Sources */,
				DAAC6BCA1F9F366C00FCAE6E /* FeedCell.swift in Sources */,
				DA8460881FA1D5E800A5C48A /* NewsProviderModel.swift in Sources */,
				DAAC6BC01F9F35C400FCAE6E /* ListViewModel.swift in Sources */,
				DAAC6BB81F9F354E00FCAE6E /* AppCoordinator.swift in Sources */,
				DAAC6BA81F9F34B900FCAE6E /* ListViewController.swift in Sources */,
				DAAC6BA61F9F34B900FCAE6E /* AppDelegate.swift in Sources */,
				DAAC6BD71F9F414600FCAE6E /* DBService.swift in Sources */,
				DA84608A1FA330F200A5C48A /* RxAlamofire+UIImage.swift in Sources */,
				DA242E201FAB4466008B8EDD /* FeedListViewModelProtocol.swift in Sources */,
				DAAC6BC21F9F35D100FCAE6E /* FeedListViewModel.swift in Sources */,
				DAAC6BE41F9F636000FCAE6E /* Schedulers.swift in Sources */,
				DAAC6BD41F9F410A00FCAE6E /* RSSService.swift in Sources */,
				DA16E49D1FB5967F0020232C /* R.generated.swift in Sources */,
				DA242E1F1FAB4466008B8EDD /* DetailFeedViewModelProtocol.swift in Sources */,
				DAAC6BE61F9F636500FCAE6E /* ActivityIndicator.swift in Sources */,
				DA242E211FAB4466008B8EDD /* FeedViewModelProtocol.swift in Sources */,
				DA242E1B1FAB43FF008B8EDD /* ListViewModelProtocol.swift in Sources */,
				DAAC6BE71FA096D900FCAE6E /* MBProgressHUD+Rx.swift in Sources */,
				DA242E191FA9E063008B8EDD /* LoadingView.swift in Sources */,
			);
			runOnlyForDeploymentPostprocessing = 0;
		};
/* End PBXSourcesBuildPhase section */

/* Begin PBXVariantGroup section */
		DAAC6BA91F9F34B900FCAE6E /* Main.storyboard */ = {
			isa = PBXVariantGroup;
			children = (
				DAAC6BAA1F9F34B900FCAE6E /* Base */,
			);
			name = Main.storyboard;
			sourceTree = "<group>";
		};
		DAAC6BAE1F9F34B900FCAE6E /* LaunchScreen.storyboard */ = {
			isa = PBXVariantGroup;
			children = (
				DAAC6BAF1F9F34B900FCAE6E /* Base */,
			);
			name = LaunchScreen.storyboard;
			sourceTree = "<group>";
		};
/* End PBXVariantGroup section */

/* Begin XCBuildConfiguration section */
		DAAC6BB21F9F34B900FCAE6E /* Debug */ = {
			isa = XCBuildConfiguration;
			buildSettings = {
				ALWAYS_SEARCH_USER_PATHS = NO;
				CLANG_ANALYZER_NONNULL = YES;
				CLANG_ANALYZER_NUMBER_OBJECT_CONVERSION = YES_AGGRESSIVE;
				CLANG_CXX_LANGUAGE_STANDARD = "gnu++14";
				CLANG_CXX_LIBRARY = "libc++";
				CLANG_ENABLE_MODULES = YES;
				CLANG_ENABLE_OBJC_ARC = YES;
				CLANG_WARN_BLOCK_CAPTURE_AUTORELEASING = YES;
				CLANG_WARN_BOOL_CONVERSION = YES;
				CLANG_WARN_COMMA = YES;
				CLANG_WARN_CONSTANT_CONVERSION = YES;
				CLANG_WARN_DIRECT_OBJC_ISA_USAGE = YES_ERROR;
				CLANG_WARN_DOCUMENTATION_COMMENTS = YES;
				CLANG_WARN_EMPTY_BODY = YES;
				CLANG_WARN_ENUM_CONVERSION = YES;
				CLANG_WARN_INFINITE_RECURSION = YES;
				CLANG_WARN_INT_CONVERSION = YES;
				CLANG_WARN_NON_LITERAL_NULL_CONVERSION = YES;
				CLANG_WARN_OBJC_LITERAL_CONVERSION = YES;
				CLANG_WARN_OBJC_ROOT_CLASS = YES_ERROR;
				CLANG_WARN_RANGE_LOOP_ANALYSIS = YES;
				CLANG_WARN_STRICT_PROTOTYPES = YES;
				CLANG_WARN_SUSPICIOUS_MOVE = YES;
				CLANG_WARN_UNGUARDED_AVAILABILITY = YES_AGGRESSIVE;
				CLANG_WARN_UNREACHABLE_CODE = YES;
				CLANG_WARN__DUPLICATE_METHOD_MATCH = YES;
				CODE_SIGN_IDENTITY = "iPhone Developer";
				COPY_PHASE_STRIP = NO;
				DEBUG_INFORMATION_FORMAT = dwarf;
				ENABLE_STRICT_OBJC_MSGSEND = YES;
				ENABLE_TESTABILITY = YES;
				GCC_C_LANGUAGE_STANDARD = gnu11;
				GCC_DYNAMIC_NO_PIC = NO;
				GCC_NO_COMMON_BLOCKS = YES;
				GCC_OPTIMIZATION_LEVEL = 0;
				GCC_PREPROCESSOR_DEFINITIONS = (
					"DEBUG=1",
					"$(inherited)",
				);
				GCC_WARN_64_TO_32_BIT_CONVERSION = YES;
				GCC_WARN_ABOUT_RETURN_TYPE = YES_ERROR;
				GCC_WARN_UNDECLARED_SELECTOR = YES;
				GCC_WARN_UNINITIALIZED_AUTOS = YES_AGGRESSIVE;
				GCC_WARN_UNUSED_FUNCTION = YES;
				GCC_WARN_UNUSED_VARIABLE = YES;
				IPHONEOS_DEPLOYMENT_TARGET = 11.0;
				MTL_ENABLE_DEBUG_INFO = YES;
				ONLY_ACTIVE_ARCH = YES;
				SDKROOT = iphoneos;
				SWIFT_ACTIVE_COMPILATION_CONDITIONS = DEBUG;
				SWIFT_OPTIMIZATION_LEVEL = "-Onone";
			};
			name = Debug;
		};
		DAAC6BB31F9F34B900FCAE6E /* Release */ = {
			isa = XCBuildConfiguration;
			buildSettings = {
				ALWAYS_SEARCH_USER_PATHS = NO;
				CLANG_ANALYZER_NONNULL = YES;
				CLANG_ANALYZER_NUMBER_OBJECT_CONVERSION = YES_AGGRESSIVE;
				CLANG_CXX_LANGUAGE_STANDARD = "gnu++14";
				CLANG_CXX_LIBRARY = "libc++";
				CLANG_ENABLE_MODULES = YES;
				CLANG_ENABLE_OBJC_ARC = YES;
				CLANG_WARN_BLOCK_CAPTURE_AUTORELEASING = YES;
				CLANG_WARN_BOOL_CONVERSION = YES;
				CLANG_WARN_COMMA = YES;
				CLANG_WARN_CONSTANT_CONVERSION = YES;
				CLANG_WARN_DIRECT_OBJC_ISA_USAGE = YES_ERROR;
				CLANG_WARN_DOCUMENTATION_COMMENTS = YES;
				CLANG_WARN_EMPTY_BODY = YES;
				CLANG_WARN_ENUM_CONVERSION = YES;
				CLANG_WARN_INFINITE_RECURSION = YES;
				CLANG_WARN_INT_CONVERSION = YES;
				CLANG_WARN_NON_LITERAL_NULL_CONVERSION = YES;
				CLANG_WARN_OBJC_LITERAL_CONVERSION = YES;
				CLANG_WARN_OBJC_ROOT_CLASS = YES_ERROR;
				CLANG_WARN_RANGE_LOOP_ANALYSIS = YES;
				CLANG_WARN_STRICT_PROTOTYPES = YES;
				CLANG_WARN_SUSPICIOUS_MOVE = YES;
				CLANG_WARN_UNGUARDED_AVAILABILITY = YES_AGGRESSIVE;
				CLANG_WARN_UNREACHABLE_CODE = YES;
				CLANG_WARN__DUPLICATE_METHOD_MATCH = YES;
				CODE_SIGN_IDENTITY = "iPhone Developer";
				COPY_PHASE_STRIP = NO;
				DEBUG_INFORMATION_FORMAT = "dwarf-with-dsym";
				ENABLE_NS_ASSERTIONS = NO;
				ENABLE_STRICT_OBJC_MSGSEND = YES;
				GCC_C_LANGUAGE_STANDARD = gnu11;
				GCC_NO_COMMON_BLOCKS = YES;
				GCC_WARN_64_TO_32_BIT_CONVERSION = YES;
				GCC_WARN_ABOUT_RETURN_TYPE = YES_ERROR;
				GCC_WARN_UNDECLARED_SELECTOR = YES;
				GCC_WARN_UNINITIALIZED_AUTOS = YES_AGGRESSIVE;
				GCC_WARN_UNUSED_FUNCTION = YES;
				GCC_WARN_UNUSED_VARIABLE = YES;
				IPHONEOS_DEPLOYMENT_TARGET = 11.0;
				MTL_ENABLE_DEBUG_INFO = NO;
				SDKROOT = iphoneos;
				SWIFT_OPTIMIZATION_LEVEL = "-Owholemodule";
				VALIDATE_PRODUCT = YES;
			};
			name = Release;
		};
		DAAC6BB51F9F34B900FCAE6E /* Debug */ = {
			isa = XCBuildConfiguration;
			baseConfigurationReference = BC51122C7B75602D57DA8687 /* Pods-xRSS.debug.xcconfig */;
			buildSettings = {
				ASSETCATALOG_COMPILER_APPICON_NAME = AppIcon;
				CODE_SIGN_ENTITLEMENTS = xRSS/xRSS.entitlements;
				CODE_SIGN_STYLE = Automatic;
				DEVELOPMENT_TEAM = PXWHWAZ25C;
				INFOPLIST_FILE = xRSS/Info.plist;
				LD_RUNPATH_SEARCH_PATHS = "$(inherited) @executable_path/Frameworks";
				PRODUCT_BUNDLE_IDENTIFIER = com.itechart.xRSS;
				PRODUCT_NAME = "$(TARGET_NAME)";
				SWIFT_VERSION = 4.0;
				TARGETED_DEVICE_FAMILY = "1,2";
			};
			name = Debug;
		};
		DAAC6BB61F9F34B900FCAE6E /* Release */ = {
			isa = XCBuildConfiguration;
			baseConfigurationReference = DEEE470CA17DE3E9524A46E9 /* Pods-xRSS.release.xcconfig */;
			buildSettings = {
				ASSETCATALOG_COMPILER_APPICON_NAME = AppIcon;
				CODE_SIGN_ENTITLEMENTS = xRSS/xRSS.entitlements;
				CODE_SIGN_STYLE = Automatic;
				DEVELOPMENT_TEAM = PXWHWAZ25C;
				INFOPLIST_FILE = xRSS/Info.plist;
				LD_RUNPATH_SEARCH_PATHS = "$(inherited) @executable_path/Frameworks";
				PRODUCT_BUNDLE_IDENTIFIER = com.itechart.xRSS;
				PRODUCT_NAME = "$(TARGET_NAME)";
				SWIFT_VERSION = 4.0;
				TARGETED_DEVICE_FAMILY = "1,2";
			};
			name = Release;
		};
/* End XCBuildConfiguration section */

/* Begin XCConfigurationList section */
		DAAC6B9D1F9F34B800FCAE6E /* Build configuration list for PBXProject "xRSS" */ = {
			isa = XCConfigurationList;
			buildConfigurations = (
				DAAC6BB21F9F34B900FCAE6E /* Debug */,
				DAAC6BB31F9F34B900FCAE6E /* Release */,
			);
			defaultConfigurationIsVisible = 0;
			defaultConfigurationName = Release;
		};
		DAAC6BB41F9F34B900FCAE6E /* Build configuration list for PBXNativeTarget "xRSS" */ = {
			isa = XCConfigurationList;
			buildConfigurations = (
				DAAC6BB51F9F34B900FCAE6E /* Debug */,
				DAAC6BB61F9F34B900FCAE6E /* Release */,
			);
			defaultConfigurationIsVisible = 0;
			defaultConfigurationName = Release;
		};
/* End XCConfigurationList section */
	};
	rootObject = DAAC6B9A1F9F34B800FCAE6E /* Project object */;
}
